
Microsoft Visual Studio Solution File, Format Version 12.00
# Visual Studio Version 17
VisualStudioVersion = 17.5.002.0
MinimumVisualStudioVersion = 10.0.40219.1
Project("{9A19103F-16F7-4668-BE54-9A1E7A4F7556}") = "BlazorHtmxDemo", "BlazorHtmxDemo.csproj", "{167142F5-0A92-407D-B13E-AFBA82631203}"
EndProject
Global
	GlobalSection(SolutionConfigurationPlatforms) = preSolution
		Debug|Any CPU = Debug|Any CPU
		Release|Any CPU = Release|Any CPU
	EndGlobalSection
	GlobalSection(ProjectConfigurationPlatforms) = postSolution
		{167142F5-0A92-407D-B13E-AFBA82631203}.Debug|Any CPU.ActiveCfg = Debug|Any CPU
		{167142F5-0A92-407D-B13E-AFBA82631203}.Debug|Any CPU.Build.0 = Debug|Any CPU
		{167142F5-0A92-407D-B13E-AFBA82631203}.Release|Any CPU.ActiveCfg = Release|Any CPU
		{167142F5-0A92-407D-B13E-AFBA82631203}.Release|Any CPU.Build.0 = Release|Any CPU
	EndGlobalSection
	GlobalSection(SolutionProperties) = preSolution
		HideSolutionNode = FALSE
	EndGlobalSection
	GlobalSection(ExtensibilityGlobals) = postSolution
		SolutionGuid = {8A9AB654-8771-459B-BB40-A6D1B74B3266}
	EndGlobalSection
EndGlobal
